
Microsoft Visual Studio Solution File, Format Version 12.00
# Visual Studio Version 16
VisualStudioVersion = 16.0.29519.87
MinimumVisualStudioVersion = 10.0.40219.1
Project("{FAE04EC0-301F-11D3-BF4B-00C04F79EFBC}") = "PasswordChecker", "PasswordChecker\PasswordChecker.csproj", "{B40E5238-EF78-4245-B6D0-7FB96E2E50E7}"
EndProject
Global
	GlobalSection(SolutionConfigurationPlatforms) = preSolution
		Debug|Any CPU = Debug|Any CPU
		Release|Any CPU = Release|Any CPU
	EndGlobalSection
	GlobalSection(ProjectConfigurationPlatforms) = postSolution
		{B40E5238-EF78-4245-B6D0-7FB96E2E50E7}.Debug|Any CPU.ActiveCfg = Debug|Any CPU
		{B40E5238-EF78-4245-B6D0-7FB96E2E50E7}.Debug|Any CPU.Build.0 = Debug|Any CPU
		{B40E5238-EF78-4245-B6D0-7FB96E2E50E7}.Release|Any CPU.ActiveCfg = Release|Any CPU
		{B40E5238-EF78-4245-B6D0-7FB96E2E50E7}.Release|Any CPU.Build.0 = Release|Any CPU
	EndGlobalSection
	GlobalSection(SolutionProperties) = preSolution
		HideSolutionNode = FALSE
	EndGlobalSection
	GlobalSection(ExtensibilityGlobals) = postSolution
		SolutionGuid = {28840624-817A-432F-87F6-E781EFB29B95}
	EndGlobalSection
EndGlobal
